
Microsoft Visual Studio Solution File, Format Version 12.00
# Visual Studio Version 17
VisualStudioVersion = 17.5.33530.505
MinimumVisualStudioVersion = 10.0.40219.1
Project("{FAE04EC0-301F-11D3-BF4B-00C04F79EFBC}") = "signForAllMobileApp.Android", "signForAllMobileApp\signForAllMobileApp.Android\signForAllMobileApp.Android.csproj", "{E3E08896-8CFE-43B2-BC19-A3D85E21E194}"
EndProject
Project("{FAE04EC0-301F-11D3-BF4B-00C04F79EFBC}") = "signForAllMobileApp.iOS", "signForAllMobileApp\signForAllMobileApp.iOS\signForAllMobileApp.iOS.csproj", "{2F0C2B6E-FACB-49AB-87E7-1D74C4BC1B1B}"
EndProject
Project("{FAE04EC0-301F-11D3-BF4B-00C04F79EFBC}") = "signForAllMobileApp", "signForAllMobileApp\signForAllMobileApp\signForAllMobileApp.csproj", "{0B5CC470-C3BC-4BD4-AF16-F9493302E735}"
EndProject
Global
	GlobalSection(SolutionConfigurationPlatforms) = preSolution
		Debug|Any CPU = Debug|Any CPU
		Debug|iPhone = Debug|iPhone
		Debug|iPhoneSimulator = Debug|iPhoneSimulator
		Release|Any CPU = Release|Any CPU
		Release|iPhone = Release|iPhone
		Release|iPhoneSimulator = Release|iPhoneSimulator
	EndGlobalSection
	GlobalSection(ProjectConfigurationPlatforms) = postSolution
		{E3E08896-8CFE-43B2-BC19-A3D85E21E194}.Debug|Any CPU.ActiveCfg = Debug|Any CPU
		{E3E08896-8CFE-43B2-BC19-A3D85E21E194}.Debug|Any CPU.Build.0 = Debug|Any CPU
		{E3E08896-8CFE-43B2-BC19-A3D85E21E194}.Debug|Any CPU.Deploy.0 = Debug|Any CPU
		{E3E08896-8CFE-43B2-BC19-A3D85E21E194}.Debug|iPhone.ActiveCfg = Debug|Any CPU
		{E3E08896-8CFE-43B2-BC19-A3D85E21E194}.Debug|iPhone.Build.0 = Debug|Any CPU
		{E3E08896-8CFE-43B2-BC19-A3D85E21E194}.Debug|iPhone.Deploy.0 = Debug|Any CPU
		{E3E08896-8CFE-43B2-BC19-A3D85E21E194}.Debug|iPhoneSimulator.ActiveCfg = Debug|Any CPU
		{E3E08896-8CFE-43B2-BC19-A3D85E21E194}.Debug|iPhoneSimulator.Build.0 = Debug|Any CPU
		{E3E08896-8CFE-43B2-BC19-A3D85E21E194}.Debug|iPhoneSimulator.Deploy.0 = Debug|Any CPU
		{E3E08896-8CFE-43B2-BC19-A3D85E21E194}.Release|Any CPU.ActiveCfg = Release|Any CPU
		{E3E08896-8CFE-43B2-BC19-A3D85E21E194}.Release|Any CPU.Build.0 = Release|Any CPU
		{E3E08896-8CFE-43B2-BC19-A3D85E21E194}.Release|Any CPU.Deploy.0 = Release|Any CPU
		{E3E08896-8CFE-43B2-BC19-A3D85E21E194}.Release|iPhone.ActiveCfg = Release|Any CPU
		{E3E08896-8CFE-43B2-BC19-A3D85E21E194}.Release|iPhone.Build.0 = Release|Any CPU
		{E3E08896-8CFE-43B2-BC19-A3D85E21E194}.Release|iPhone.Deploy.0 = Release|Any CPU
		{E3E08896-8CFE-43B2-BC19-A3D85E21E194}.Release|iPhoneSimulator.ActiveCfg = Release|Any CPU
		{E3E08896-8CFE-43B2-BC19-A3D85E21E194}.Release|iPhoneSimulator.Build.0 = Release|Any CPU
		{E3E08896-8CFE-43B2-BC19-A3D85E21E194}.Release|iPhoneSimulator.Deploy.0 = Release|Any CPU
		{2F0C2B6E-FACB-49AB-87E7-1D74C4BC1B1B}.Debug|Any CPU.ActiveCfg = Debug|iPhone
		{2F0C2B6E-FACB-49AB-87E7-1D74C4BC1B1B}.Debug|Any CPU.Build.0 = Debug|iPhone
		{2F0C2B6E-FACB-49AB-87E7-1D74C4BC1B1B}.Debug|Any CPU.Deploy.0 = Debug|iPhone
		{2F0C2B6E-FACB-49AB-87E7-1D74C4BC1B1B}.Debug|iPhone.ActiveCfg = Debug|iPhone
		{2F0C2B6E-FACB-49AB-87E7-1D74C4BC1B1B}.Debug|iPhone.Build.0 = Debug|iPhone
		{2F0C2B6E-FACB-49AB-87E7-1D74C4BC1B1B}.Debug|iPhone.Deploy.0 = Debug|iPhone
		{2F0C2B6E-FACB-49AB-87E7-1D74C4BC1B1B}.Debug|iPhoneSimulator.ActiveCfg = Debug|iPhoneSimulator
		{2F0C2B6E-FACB-49AB-87E7-1D74C4BC1B1B}.Debug|iPhoneSimulator.Build.0 = Debug|iPhoneSimulator
		{2F0C2B6E-FACB-49AB-87E7-1D74C4BC1B1B}.Debug|iPhoneSimulator.Deploy.0 = Debug|iPhoneSimulator
		{2F0C2B6E-FACB-49AB-87E7-1D74C4BC1B1B}.Release|Any CPU.ActiveCfg = Release|iPhoneSimulator
		{2F0C2B6E-FACB-49AB-87E7-1D74C4BC1B1B}.Release|Any CPU.Build.0 = Release|iPhoneSimulator
		{2F0C2B6E-FACB-49AB-87E7-1D74C4BC1B1B}.Release|Any CPU.Deploy.0 = Release|iPhoneSimulator
		{2F0C2B6E-FACB-49AB-87E7-1D74C4BC1B1B}.Release|iPhone.ActiveCfg = Release|iPhone
		{2F0C2B6E-FACB-49AB-87E7-1D74C4BC1B1B}.Release|iPhone.Build.0 = Release|iPhone
		{2F0C2B6E-FACB-49AB-87E7-1D74C4BC1B1B}.Release|iPhone.Deploy.0 = Release|iPhone
		{2F0C2B6E-FACB-49AB-87E7-1D74C4BC1B1B}.Release|iPhoneSimulator.ActiveCfg = Release|iPhoneSimulator
		{2F0C2B6E-FACB-49AB-87E7-1D74C4BC1B1B}.Release|iPhoneSimulator.Build.0 = Release|iPhoneSimulator
		{2F0C2B6E-FACB-49AB-87E7-1D74C4BC1B1B}.Release|iPhoneSimulator.Deploy.0 = Release|iPhoneSimulator
		{0B5CC470-C3BC-4BD4-AF16-F9493302E735}.Debug|Any CPU.ActiveCfg = Debug|Any CPU
		{0B5CC470-C3BC-4BD4-AF16-F9493302E735}.Debug|Any CPU.Build.0 = Debug|Any CPU
		{0B5CC470-C3BC-4BD4-AF16-F9493302E735}.Debug|Any CPU.Deploy.0 = Debug|Any CPU
		{0B5CC470-C3BC-4BD4-AF16-F9493302E735}.Debug|iPhone.ActiveCfg = Debug|Any CPU
		{0B5CC470-C3BC-4BD4-AF16-F9493302E735}.Debug|iPhone.Build.0 = Debug|Any CPU
		{0B5CC470-C3BC-4BD4-AF16-F9493302E735}.Debug|iPhone.Deploy.0 = Debug|Any CPU
		{0B5CC470-C3BC-4BD4-AF16-F9493302E735}.Debug|iPhoneSimulator.ActiveCfg = Debug|Any CPU
		{0B5CC470-C3BC-4BD4-AF16-F9493302E735}.Debug|iPhoneSimulator.Build.0 = Debug|Any CPU
		{0B5CC470-C3BC-4BD4-AF16-F9493302E735}.Debug|iPhoneSimulator.Deploy.0 = Debug|Any CPU
		{0B5CC470-C3BC-4BD4-AF16-F9493302E735}.Release|Any CPU.ActiveCfg = Release|Any CPU
		{0B5CC470-C3BC-4BD4-AF16-F9493302E735}.Release|Any CPU.Build.0 = Release|Any CPU
		{0B5CC470-C3BC-4BD4-AF16-F9493302E735}.Release|Any CPU.Deploy.0 = Release|Any CPU
		{0B5CC470-C3BC-4BD4-AF16-F9493302E735}.Release|iPhone.ActiveCfg = Release|Any CPU
		{0B5CC470-C3BC-4BD4-AF16-F9493302E735}.Release|iPhone.Build.0 = Release|Any CPU
		{0B5CC470-C3BC-4BD4-AF16-F9493302E735}.Release|iPhone.Deploy.0 = Release|Any CPU
		{0B5CC470-C3BC-4BD4-AF16-F9493302E735}.Release|iPhoneSimulator.ActiveCfg = Release|Any CPU
		{0B5CC470-C3BC-4BD4-AF16-F9493302E735}.Release|iPhoneSimulator.Build.0 = Release|Any CPU
		{0B5CC470-C3BC-4BD4-AF16-F9493302E735}.Release|iPhoneSimulator.Deploy.0 = Release|Any CPU
	EndGlobalSection
	GlobalSection(SolutionProperties) = preSolution
		HideSolutionNode = FALSE
	EndGlobalSection
	GlobalSection(ExtensibilityGlobals) = postSolution
		SolutionGuid = {615E332F-57C0-415F-8670-0D39BCA50896}
	EndGlobalSection
EndGlobal
